
Microsoft Visual Studio Solution File, Format Version 12.00
# Visual Studio 15
VisualStudioVersion = 15.0.27428.2043
MinimumVisualStudioVersion = 10.0.40219.1
Project("{FAE04EC0-301F-11D3-BF4B-00C04F79EFBC}") = "EmPuzzleLogic", "EmPuzzleLogic\EmPuzzleLogic.csproj", "{7122AFC2-A67D-4E4E-832C-52D91BFEB5D5}"
EndProject
Project("{FAE04EC0-301F-11D3-BF4B-00C04F79EFBC}") = "EmPuzzle", "EmPuzzle\EmPuzzle.csproj", "{24A2CAEE-2578-4A78-BF86-5AF2A705DC59}"
EndProject
Project("{FAE04EC0-301F-11D3-BF4B-00C04F79EFBC}") = "Sandbox", "Sandbox\Sandbox.csproj", "{37107EE9-72DB-49DE-94AD-1E63D4233480}"
EndProject
Global
	GlobalSection(SolutionConfigurationPlatforms) = preSolution
		Debug|Any CPU = Debug|Any CPU
		Release|Any CPU = Release|Any CPU
	EndGlobalSection
	GlobalSection(ProjectConfigurationPlatforms) = postSolution
		{7122AFC2-A67D-4E4E-832C-52D91BFEB5D5}.Debug|Any CPU.ActiveCfg = Debug|Any CPU
		{7122AFC2-A67D-4E4E-832C-52D91BFEB5D5}.Debug|Any CPU.Build.0 = Debug|Any CPU
		{7122AFC2-A67D-4E4E-832C-52D91BFEB5D5}.Release|Any CPU.ActiveCfg = Release|Any CPU
		{7122AFC2-A67D-4E4E-832C-52D91BFEB5D5}.Release|Any CPU.Build.0 = Release|Any CPU
		{24A2CAEE-2578-4A78-BF86-5AF2A705DC59}.Debug|Any CPU.ActiveCfg = Debug|Any CPU
		{24A2CAEE-2578-4A78-BF86-5AF2A705DC59}.Debug|Any CPU.Build.0 = Debug|Any CPU
		{24A2CAEE-2578-4A78-BF86-5AF2A705DC59}.Release|Any CPU.ActiveCfg = Release|Any CPU
		{24A2CAEE-2578-4A78-BF86-5AF2A705DC59}.Release|Any CPU.Build.0 = Release|Any CPU
		{37107EE9-72DB-49DE-94AD-1E63D4233480}.Debug|Any CPU.ActiveCfg = Debug|Any CPU
		{37107EE9-72DB-49DE-94AD-1E63D4233480}.Debug|Any CPU.Build.0 = Debug|Any CPU
		{37107EE9-72DB-49DE-94AD-1E63D4233480}.Release|Any CPU.ActiveCfg = Release|Any CPU
		{37107EE9-72DB-49DE-94AD-1E63D4233480}.Release|Any CPU.Build.0 = Release|Any CPU
	EndGlobalSection
	GlobalSection(SolutionProperties) = preSolution
		HideSolutionNode = FALSE
	EndGlobalSection
	GlobalSection(ExtensibilityGlobals) = postSolution
		SolutionGuid = {7BAFE578-608C-409D-8750-24ACFD878EDC}
	EndGlobalSection
EndGlobal
